// !$*UTF8*$!
{
	archiveVersion = 1;
	classes = {
	};
	objectVersion = 55;
	objects = {

/* Begin PBXBuildFile section */
		3311BDF32849ECDF0040A2C5 /* InfoPlist.strings in Resources */ = {isa = PBXBuildFile; fileRef = 3311BDF52849ECDF0040A2C5 /* InfoPlist.strings */; };
		33B61E722849C4A2007A5367 /* AppDelegate.swift in Sources */ = {isa = PBXBuildFile; fileRef = 33B61E712849C4A2007A5367 /* AppDelegate.swift */; };
		33B61E742849C4A2007A5367 /* SceneDelegate.swift in Sources */ = {isa = PBXBuildFile; fileRef = 33B61E732849C4A2007A5367 /* SceneDelegate.swift */; };
		33B61E762849C4A2007A5367 /* ViewController.swift in Sources */ = {isa = PBXBuildFile; fileRef = 33B61E752849C4A2007A5367 /* ViewController.swift */; };
		33B61E792849C4A2007A5367 /* Main.storyboard in Resources */ = {isa = PBXBuildFile; fileRef = 33B61E772849C4A2007A5367 /* Main.storyboard */; };
		33B61E7C2849C4A2007A5367 /* LocalizationDemo.xcdatamodeld in Sources */ = {isa = PBXBuildFile; fileRef = 33B61E7A2849C4A2007A5367 /* LocalizationDemo.xcdatamodeld */; };
		33B61E7E2849C4A3007A5367 /* Assets.xcassets in Resources */ = {isa = PBXBuildFile; fileRef = 33B61E7D2849C4A3007A5367 /* Assets.xcassets */; };
		33B61E812849C4A3007A5367 /* LaunchScreen.storyboard in Resources */ = {isa = PBXBuildFile; fileRef = 33B61E7F2849C4A3007A5367 /* LaunchScreen.storyboard */; };
		33B61E8A2849CCA0007A5367 /* mystrings.strings in Resources */ = {isa = PBXBuildFile; fileRef = 33B61E8C2849CCA0007A5367 /* mystrings.strings */; };
		E8FAD5EF284E16AC001C81B8 /* Utility.swift in Sources */ = {isa = PBXBuildFile; fileRef = E8FAD5EE284E16AC001C81B8 /* Utility.swift */; };
/* End PBXBuildFile section */

/* Begin PBXFileReference section */
		3311BDF42849ECDF0040A2C5 /* en */ = {isa = PBXFileReference; lastKnownFileType = text.plist.strings; name = en; path = en.lproj/InfoPlist.strings; sourceTree = "<group>"; };
		3311BDF62849ECE70040A2C5 /* fr */ = {isa = PBXFileReference; lastKnownFileType = text.plist.strings; name = fr; path = fr.lproj/InfoPlist.strings; sourceTree = "<group>"; };
		3311BDF72849ECE70040A2C5 /* hi */ = {isa = PBXFileReference; lastKnownFileType = text.plist.strings; name = hi; path = hi.lproj/InfoPlist.strings; sourceTree = "<group>"; };
		3311BDF82849ECE80040A2C5 /* mr */ = {isa = PBXFileReference; lastKnownFileType = text.plist.strings; name = mr; path = mr.lproj/InfoPlist.strings; sourceTree = "<group>"; };
		33B61E6E2849C4A2007A5367 /* LocalizationDemo.app */ = {isa = PBXFileReference; explicitFileType = wrapper.application; includeInIndex = 0; path = LocalizationDemo.app; sourceTree = BUILT_PRODUCTS_DIR; };
		33B61E712849C4A2007A5367 /* AppDelegate.swift */ = {isa = PBXFileReference; lastKnownFileType = sourcecode.swift; path = AppDelegate.swift; sourceTree = "<group>"; };
		33B61E732849C4A2007A5367 /* SceneDelegate.swift */ = {isa = PBXFileReference; lastKnownFileType = sourcecode.swift; path = SceneDelegate.swift; sourceTree = "<group>"; };
		33B61E752849C4A2007A5367 /* ViewController.swift */ = {isa = PBXFileReference; lastKnownFileType = sourcecode.swift; path = ViewController.swift; sourceTree = "<group>"; };
		33B61E782849C4A2007A5367 /* Base */ = {isa = PBXFileReference; lastKnownFileType = file.storyboard; name = Base; path = Base.lproj/Main.storyboard; sourceTree = "<group>"; };
		33B61E7B2849C4A2007A5367 /* LocalizationDemo.xcdatamodel */ = {isa = PBXFileReference; lastKnownFileType = wrapper.xcdatamodel; path = LocalizationDemo.xcdatamodel; sourceTree = "<group>"; };
		33B61E7D2849C4A3007A5367 /* Assets.xcassets */ = {isa = PBXFileReference; lastKnownFileType = folder.assetcatalog; path = Assets.xcassets; sourceTree = "<group>"; };
		33B61E802849C4A3007A5367 /* Base */ = {isa = PBXFileReference; lastKnownFileType = file.storyboard; name = Base; path = Base.lproj/LaunchScreen.storyboard; sourceTree = "<group>"; };
		33B61E822849C4A3007A5367 /* Info.plist */ = {isa = PBXFileReference; lastKnownFileType = text.plist.xml; path = Info.plist; sourceTree = "<group>"; };
		33B61E8B2849CCA0007A5367 /* en */ = {isa = PBXFileReference; lastKnownFileType = text.plist.strings; name = en; path = en.lproj/mystrings.strings; sourceTree = "<group>"; };
		33B61E8D2849CD9A007A5367 /* fr */ = {isa = PBXFileReference; lastKnownFileType = text.plist.strings; name = fr; path = fr.lproj/Main.strings; sourceTree = "<group>"; };
		33B61E8F2849CD9A007A5367 /* fr */ = {isa = PBXFileReference; lastKnownFileType = text.plist.strings; name = fr; path = fr.lproj/mystrings.strings; sourceTree = "<group>"; };
		33B61E902849CDB5007A5367 /* hi */ = {isa = PBXFileReference; lastKnownFileType = text.plist.strings; name = hi; path = hi.lproj/Main.strings; sourceTree = "<group>"; };
		33B61E922849CDB5007A5367 /* hi */ = {isa = PBXFileReference; lastKnownFileType = text.plist.strings; name = hi; path = hi.lproj/mystrings.strings; sourceTree = "<group>"; };
		33B61E932849CE06007A5367 /* mr */ = {isa = PBXFileReference; lastKnownFileType = text.plist.strings; name = mr; path = mr.lproj/Main.strings; sourceTree = "<group>"; };
		33B61E952849CE06007A5367 /* mr */ = {isa = PBXFileReference; lastKnownFileType = text.plist.strings; name = mr; path = mr.lproj/mystrings.strings; sourceTree = "<group>"; };
		33B61E9A2849E606007A5367 /* en */ = {isa = PBXFileReference; lastKnownFileType = text.plist.strings; name = en; path = en.lproj/LaunchScreen.strings; sourceTree = "<group>"; };
		E8FAD5EE284E16AC001C81B8 /* Utility.swift */ = {isa = PBXFileReference; lastKnownFileType = sourcecode.swift; path = Utility.swift; sourceTree = "<group>"; };
/* End PBXFileReference section */

/* Begin PBXFrameworksBuildPhase section */
		33B61E6B2849C4A2007A5367 /* Frameworks */ = {
			isa = PBXFrameworksBuildPhase;
			buildActionMask = 2147483647;
			files = (
			);
			runOnlyForDeploymentPostprocessing = 0;
		};
/* End PBXFrameworksBuildPhase section */

/* Begin PBXGroup section */
		33B61E652849C4A2007A5367 = {
			isa = PBXGroup;
			children = (
				33B61E702849C4A2007A5367 /* LocalizationDemo */,
				33B61E6F2849C4A2007A5367 /* Products */,
			);
			sourceTree = "<group>";
		};
		33B61E6F2849C4A2007A5367 /* Products */ = {
			isa = PBXGroup;
			children = (
				33B61E6E2849C4A2007A5367 /* LocalizationDemo.app */,
			);
			name = Products;
			sourceTree = "<group>";
		};
		33B61E702849C4A2007A5367 /* LocalizationDemo */ = {
			isa = PBXGroup;
			children = (
				3311BDF52849ECDF0040A2C5 /* InfoPlist.strings */,
				33B61E712849C4A2007A5367 /* AppDelegate.swift */,
				33B61E732849C4A2007A5367 /* SceneDelegate.swift */,
				33B61E752849C4A2007A5367 /* ViewController.swift */,
				33B61E772849C4A2007A5367 /* Main.storyboard */,
				33B61E7D2849C4A3007A5367 /* Assets.xcassets */,
				33B61E7F2849C4A3007A5367 /* LaunchScreen.storyboard */,
				33B61E822849C4A3007A5367 /* Info.plist */,
				33B61E7A2849C4A2007A5367 /* LocalizationDemo.xcdatamodeld */,
				33B61E8C2849CCA0007A5367 /* mystrings.strings */,
				E8FAD5EE284E16AC001C81B8 /* Utility.swift */,
			);
			path = LocalizationDemo;
			sourceTree = "<group>";
		};
/* End PBXGroup section */

/* Begin PBXNativeTarget section */
		33B61E6D2849C4A2007A5367 /* LocalizationDemo */ = {
			isa = PBXNativeTarget;
			buildConfigurationList = 33B61E852849C4A3007A5367 /* Build configuration list for PBXNativeTarget "LocalizationDemo" */;
			buildPhases = (
				33B61E6A2849C4A2007A5367 /* Sources */,
				33B61E6B2849C4A2007A5367 /* Frameworks */,
				33B61E6C2849C4A2007A5367 /* Resources */,
			);
			buildRules = (
			);
			dependencies = (
			);
			name = LocalizationDemo;
			productName = LocalizationDemo;
			productReference = 33B61E6E2849C4A2007A5367 /* LocalizationDemo.app */;
			productType = "com.apple.product-type.application";
		};
/* End PBXNativeTarget section */

/* Begin PBXProject section */
		33B61E662849C4A2007A5367 /* Project object */ = {
			isa = PBXProject;
			attributes = {
				BuildIndependentTargetsInParallel = 1;
				LastSwiftUpdateCheck = 1320;
				LastUpgradeCheck = 1320;
				TargetAttributes = {
					33B61E6D2849C4A2007A5367 = {
						CreatedOnToolsVersion = 13.2.1;
					};
				};
			};
			buildConfigurationList = 33B61E692849C4A2007A5367 /* Build configuration list for PBXProject "LocalizationDemo" */;
			compatibilityVersion = "Xcode 13.0";
			developmentRegion = en;
			hasScannedForEncodings = 0;
			knownRegions = (
				en,
				Base,
				fr,
				hi,
				mr,
			);
			mainGroup = 33B61E652849C4A2007A5367;
			productRefGroup = 33B61E6F2849C4A2007A5367 /* Products */;
			projectDirPath = "";
			projectRoot = "";
			targets = (
				33B61E6D2849C4A2007A5367 /* LocalizationDemo */,
			);
		};
/* End PBXProject section */

/* Begin PBXResourcesBuildPhase section */
		33B61E6C2849C4A2007A5367 /* Resources */ = {
			isa = PBXResourcesBuildPhase;
			buildActionMask = 2147483647;
			files = (
				33B61E812849C4A3007A5367 /* LaunchScreen.storyboard in Resources */,
				33B61E8A2849CCA0007A5367 /* mystrings.strings in Resources */,
				33B61E7E2849C4A3007A5367 /* Assets.xcassets in Resources */,
				33B61E792849C4A2007A5367 /* Main.storyboard in Resources */,
				3311BDF32849ECDF0040A2C5 /* InfoPlist.strings in Resources */,
			);
			runOnlyForDeploymentPostprocessing = 0;
		};
/* End PBXResourcesBuildPhase section */

/* Begin PBXSourcesBuildPhase section */
		33B61E6A2849C4A2007A5367 /* Sources */ = {
			isa = PBXSourcesBuildPhase;
			buildActionMask = 2147483647;
			files = (
				E8FAD5EF284E16AC001C81B8 /* Utility.swift in Sources */,
				33B61E762849C4A2007A5367 /* ViewController.swift in Sources */,
				33B61E722849C4A2007A5367 /* AppDelegate.swift in Sources */,
				33B61E742849C4A2007A5367 /* SceneDelegate.swift in Sources */,
				33B61E7C2849C4A2007A5367 /* LocalizationDemo.xcdatamodeld in Sources */,
			);
			runOnlyForDeploymentPostprocessing = 0;
		};
/* End PBXSourcesBuildPhase section */

/* Begin PBXVariantGroup section */
		3311BDF52849ECDF0040A2C5 /* InfoPlist.strings */ = {
			isa = PBXVariantGroup;
			children = (
				3311BDF42849ECDF0040A2C5 /* en */,
				3311BDF62849ECE70040A2C5 /* fr */,
				3311BDF72849ECE70040A2C5 /* hi */,
				3311BDF82849ECE80040A2C5 /* mr */,
			);
			name = InfoPlist.strings;
			sourceTree = "<group>";
		};
		33B61E772849C4A2007A5367 /* Main.storyboard */ = {
			isa = PBXVariantGroup;
			children = (
				33B61E782849C4A2007A5367 /* Base */,
				33B61E8D2849CD9A007A5367 /* fr */,
				33B61E902849CDB5007A5367 /* hi */,
				33B61E932849CE06007A5367 /* mr */,
			);
			name = Main.storyboard;
			sourceTree = "<group>";
		};
		33B61E7F2849C4A3007A5367 /* LaunchScreen.storyboard */ = {
			isa = PBXVariantGroup;
			children = (
				33B61E802849C4A3007A5367 /* Base */,
				33B61E9A2849E606007A5367 /* en */,
			);
			name = LaunchScreen.storyboard;
			sourceTree = "<group>";
		};
		33B61E8C2849CCA0007A5367 /* mystrings.strings */ = {
			isa = PBXVariantGroup;
			children = (
				33B61E8B2849CCA0007A5367 /* en */,
				33B61E8F2849CD9A007A5367 /* fr */,
				33B61E922849CDB5007A5367 /* hi */,
				33B61E952849CE06007A5367 /* mr */,
			);
			name = mystrings.strings;
			sourceTree = "<group>";
		};
/* End PBXVariantGroup section */

/* Begin XCBuildConfiguration section */
		33B61E832849C4A3007A5367 /* Debug */ = {
			isa = XCBuildConfiguration;
			buildSettings = {
				ALWAYS_SEARCH_USER_PATHS = NO;
				CLANG_ANALYZER_LOCALIZABILITY_NONLOCALIZED = YES;
				CLANG_ANALYZER_NONNULL = YES;
				CLANG_ANALYZER_NUMBER_OBJECT_CONVERSION = YES_AGGRESSIVE;
				CLANG_CXX_LANGUAGE_STANDARD = "gnu++17";
				CLANG_CXX_LIBRARY = "libc++";
				CLANG_ENABLE_MODULES = YES;
				CLANG_ENABLE_OBJC_ARC = YES;
				CLANG_ENABLE_OBJC_WEAK = YES;
				CLANG_WARN_BLOCK_CAPTURE_AUTORELEASING = YES;
				CLANG_WARN_BOOL_CONVERSION = YES;
				CLANG_WARN_COMMA = YES;
				CLANG_WARN_CONSTANT_CONVERSION = YES;
				CLANG_WARN_DEPRECATED_OBJC_IMPLEMENTATIONS = YES;
				CLANG_WARN_DIRECT_OBJC_ISA_USAGE = YES_ERROR;
				CLANG_WARN_DOCUMENTATION_COMMENTS = YES;
				CLANG_WARN_EMPTY_BODY = YES;
				CLANG_WARN_ENUM_CONVERSION = YES;
				CLANG_WARN_INFINITE_RECURSION = YES;
				CLANG_WARN_INT_CONVERSION = YES;
				CLANG_WARN_NON_LITERAL_NULL_CONVERSION = YES;
				CLANG_WARN_OBJC_IMPLICIT_RETAIN_SELF = YES;
				CLANG_WARN_OBJC_LITERAL_CONVERSION = YES;
				CLANG_WARN_OBJC_ROOT_CLASS = YES_ERROR;
				CLANG_WARN_QUOTED_INCLUDE_IN_FRAMEWORK_HEADER = YES;
				CLANG_WARN_RANGE_LOOP_ANALYSIS = YES;
				CLANG_WARN_STRICT_PROTOTYPES = YES;
				CLANG_WARN_SUSPICIOUS_MOVE = YES;
				CLANG_WARN_UNGUARDED_AVAILABILITY = YES_AGGRESSIVE;
				CLANG_WARN_UNREACHABLE_CODE = YES;
				CLANG_WARN__DUPLICATE_METHOD_MATCH = YES;
				COPY_PHASE_STRIP = NO;
				DEBUG_INFORMATION_FORMAT = dwarf;
				ENABLE_STRICT_OBJC_MSGSEND = YES;
				ENABLE_TESTABILITY = YES;
				GCC_C_LANGUAGE_STANDARD = gnu11;
				GCC_DYNAMIC_NO_PIC = NO;
				GCC_NO_COMMON_BLOCKS = YES;
				GCC_OPTIMIZATION_LEVEL = 0;
				GCC_PREPROCESSOR_DEFINITIONS = (
					"DEBUG=1",
					"$(inherited)",
				);
				GCC_WARN_64_TO_32_BIT_CONVERSION = YES;
				GCC_WARN_ABOUT_RETURN_TYPE = YES_ERROR;
				GCC_WARN_UNDECLARED_SELECTOR = YES;
				GCC_WARN_UNINITIALIZED_AUTOS = YES_AGGRESSIVE;
				GCC_WARN_UNUSED_FUNCTION = YES;
				GCC_WARN_UNUSED_VARIABLE = YES;
				IPHONEOS_DEPLOYMENT_TARGET = 15.2;
				MTL_ENABLE_DEBUG_INFO = INCLUDE_SOURCE;
				MTL_FAST_MATH = YES;
				ONLY_ACTIVE_ARCH = YES;
				SDKROOT = iphoneos;
				SWIFT_ACTIVE_COMPILATION_CONDITIONS = DEBUG;
				SWIFT_OPTIMIZATION_LEVEL = "-Onone";
			};
			name = Debug;
		};
		33B61E842849C4A3007A5367 /* Release */ = {
			isa = XCBuildConfiguration;
			buildSettings = {
				ALWAYS_SEARCH_USER_PATHS = NO;
				CLANG_ANALYZER_LOCALIZABILITY_NONLOCALIZED = YES;
				CLANG_ANALYZER_NONNULL = YES;
				CLANG_ANALYZER_NUMBER_OBJECT_CONVERSION = YES_AGGRESSIVE;
				CLANG_CXX_LANGUAGE_STANDARD = "gnu++17";
				CLANG_CXX_LIBRARY = "libc++";
				CLANG_ENABLE_MODULES = YES;
				CLANG_ENABLE_OBJC_ARC = YES;
				CLANG_ENABLE_OBJC_WEAK = YES;
				CLANG_WARN_BLOCK_CAPTURE_AUTORELEASING = YES;
				CLANG_WARN_BOOL_CONVERSION = YES;
				CLANG_WARN_COMMA = YES;
				CLANG_WARN_CONSTANT_CONVERSION = YES;
				CLANG_WARN_DEPRECATED_OBJC_IMPLEMENTATIONS = YES;
				CLANG_WARN_DIRECT_OBJC_ISA_USAGE = YES_ERROR;
				CLANG_WARN_DOCUMENTATION_COMMENTS = YES;
				CLANG_WARN_EMPTY_BODY = YES;
				CLANG_WARN_ENUM_CONVERSION = YES;
				CLANG_WARN_INFINITE_RECURSION = YES;
				CLANG_WARN_INT_CONVERSION = YES;
				CLANG_WARN_NON_LITERAL_NULL_CONVERSION = YES;
				CLANG_WARN_OBJC_IMPLICIT_RETAIN_SELF = YES;
				CLANG_WARN_OBJC_LITERAL_CONVERSION = YES;
				CLANG_WARN_OBJC_ROOT_CLASS = YES_ERROR;
				CLANG_WARN_QUOTED_INCLUDE_IN_FRAMEWORK_HEADER = YES;
				CLANG_WARN_RANGE_LOOP_ANALYSIS = YES;
				CLANG_WARN_STRICT_PROTOTYPES = YES;
				CLANG_WARN_SUSPICIOUS_MOVE = YES;
				CLANG_WARN_UNGUARDED_AVAILABILITY = YES_AGGRESSIVE;
				CLANG_WARN_UNREACHABLE_CODE = YES;
				CLANG_WARN__DUPLICATE_METHOD_MATCH = YES;
				COPY_PHASE_STRIP = NO;
				DEBUG_INFORMATION_FORMAT = "dwarf-with-dsym";
				ENABLE_NS_ASSERTIONS = NO;
				ENABLE_STRICT_OBJC_MSGSEND = YES;
				GCC_C_LANGUAGE_STANDARD = gnu11;
				GCC_NO_COMMON_BLOCKS = YES;
				GCC_WARN_64_TO_32_BIT_CONVERSION = YES;
				GCC_WARN_ABOUT_RETURN_TYPE = YES_ERROR;
				GCC_WARN_UNDECLARED_SELECTOR = YES;
				GCC_WARN_UNINITIALIZED_AUTOS = YES_AGGRESSIVE;
				GCC_WARN_UNUSED_FUNCTION = YES;
				GCC_WARN_UNUSED_VARIABLE = YES;
				IPHONEOS_DEPLOYMENT_TARGET = 15.2;
				MTL_ENABLE_DEBUG_INFO = NO;
				MTL_FAST_MATH = YES;
				SDKROOT = iphoneos;
				SWIFT_COMPILATION_MODE = wholemodule;
				SWIFT_OPTIMIZATION_LEVEL = "-O";
				VALIDATE_PRODUCT = YES;
			};
			name = Release;
		};
		33B61E862849C4A3007A5367 /* Debug */ = {
			isa = XCBuildConfiguration;
			buildSettings = {
				ASSETCATALOG_COMPILER_APPICON_NAME = AppIcon;
				ASSETCATALOG_COMPILER_GLOBAL_ACCENT_COLOR_NAME = AccentColor;
				CODE_SIGN_STYLE = Automatic;
				CURRENT_PROJECT_VERSION = 1;
				GENERATE_INFOPLIST_FILE = YES;
				INFOPLIST_FILE = LocalizationDemo/Info.plist;
				INFOPLIST_KEY_UIApplicationSupportsIndirectInputEvents = YES;
				INFOPLIST_KEY_UILaunchStoryboardName = LaunchScreen;
				INFOPLIST_KEY_UIMainStoryboardFile = Main;
				INFOPLIST_KEY_UISupportedInterfaceOrientations_iPad = "UIInterfaceOrientationPortrait UIInterfaceOrientationPortraitUpsideDown UIInterfaceOrientationLandscapeLeft UIInterfaceOrientationLandscapeRight";
				INFOPLIST_KEY_UISupportedInterfaceOrientations_iPhone = "UIInterfaceOrientationPortrait UIInterfaceOrientationLandscapeLeft UIInterfaceOrientationLandscapeRight";
				IPHONEOS_DEPLOYMENT_TARGET = 13.0;
				LD_RUNPATH_SEARCH_PATHS = (
					"$(inherited)",
					"@executable_path/Frameworks",
				);
				MARKETING_VERSION = 1.0;
				PRODUCT_BUNDLE_IDENTIFIER = com.capgemini.LocalizationDemo;
				PRODUCT_NAME = "$(TARGET_NAME)";
				SWIFT_EMIT_LOC_STRINGS = YES;
				SWIFT_VERSION = 5.0;
				TARGETED_DEVICE_FAMILY = "1,2";
			};
			name = Debug;
		};
		33B61E872849C4A3007A5367 /* Release */ = {
			isa = XCBuildConfiguration;
			buildSettings = {
				ASSETCATALOG_COMPILER_APPICON_NAME = AppIcon;
				ASSETCATALOG_COMPILER_GLOBAL_ACCENT_COLOR_NAME = AccentColor;
				CODE_SIGN_STYLE = Automatic;
				CURRENT_PROJECT_VERSION = 1;
				GENERATE_INFOPLIST_FILE = YES;
				INFOPLIST_FILE = LocalizationDemo/Info.plist;
				INFOPLIST_KEY_UIApplicationSupportsIndirectInputEvents = YES;
				INFOPLIST_KEY_UILaunchStoryboardName = LaunchScreen;
				INFOPLIST_KEY_UIMainStoryboardFile = Main;
				INFOPLIST_KEY_UISupportedInterfaceOrientations_iPad = "UIInterfaceOrientationPortrait UIInterfaceOrientationPortraitUpsideDown UIInterfaceOrientationLandscapeLeft UIInterfaceOrientationLandscapeRight";
				INFOPLIST_KEY_UISupportedInterfaceOrientations_iPhone = "UIInterfaceOrientationPortrait UIInterfaceOrientationLandscapeLeft UIInterfaceOrientationLandscapeRight";
				IPHONEOS_DEPLOYMENT_TARGET = 13.0;
				LD_RUNPATH_SEARCH_PATHS = (
					"$(inherited)",
					"@executable_path/Frameworks",
				);
				MARKETING_VERSION = 1.0;
				PRODUCT_BUNDLE_IDENTIFIER = com.capgemini.LocalizationDemo;
				PRODUCT_NAME = "$(TARGET_NAME)";
				SWIFT_EMIT_LOC_STRINGS = YES;
				SWIFT_VERSION = 5.0;
				TARGETED_DEVICE_FAMILY = "1,2";
			};
			name = Release;
		};
/* End XCBuildConfiguration section */

/* Begin XCConfigurationList section */
		33B61E692849C4A2007A5367 /* Build configuration list for PBXProject "LocalizationDemo" */ = {
			isa = XCConfigurationList;
			buildConfigurations = (
				33B61E832849C4A3007A5367 /* Debug */,
				33B61E842849C4A3007A5367 /* Release */,
			);
			defaultConfigurationIsVisible = 0;
			defaultConfigurationName = Release;
		};
		33B61E852849C4A3007A5367 /* Build configuration list for PBXNativeTarget "LocalizationDemo" */ = {
			isa = XCConfigurationList;
			buildConfigurations = (
				33B61E862849C4A3007A5367 /* Debug */,
				33B61E872849C4A3007A5367 /* Release */,
			);
			defaultConfigurationIsVisible = 0;
			defaultConfigurationName = Release;
		};
/* End XCConfigurationList section */

/* Begin XCVersionGroup section */
		33B61E7A2849C4A2007A5367 /* LocalizationDemo.xcdatamodeld */ = {
			isa = XCVersionGroup;
			children = (
				33B61E7B2849C4A2007A5367 /* LocalizationDemo.xcdatamodel */,
			);
			currentVersion = 33B61E7B2849C4A2007A5367 /* LocalizationDemo.xcdatamodel */;
			path = LocalizationDemo.xcdatamodeld;
			sourceTree = "<group>";
			versionGroupType = wrapper.xcdatamodel;
		};
/* End XCVersionGroup section */
	};
	rootObject = 33B61E662849C4A2007A5367 /* Project object */;
}
